
Microsoft Visual Studio Solution File, Format Version 12.00
# Visual Studio Version 16
VisualStudioVersion = 16.0.29613.14
MinimumVisualStudioVersion = 10.0.40219.1
Project("{9A19103F-16F7-4668-BE54-9A1E7A4F7556}") = "CardGame", "CardGame.csproj", "{B0151360-AE9A-4F2D-A67F-71E413105946}"
EndProject
Project("{FAE04EC0-301F-11D3-BF4B-00C04F79EFBC}") = "CardGameTest", "..\CardGameTest\CardGameTest.csproj", "{EDB66C55-E161-4D03-B3CF-61313D294AC8}"
EndProject
Global
	GlobalSection(SolutionConfigurationPlatforms) = preSolution
		Debug|Any CPU = Debug|Any CPU
		Release|Any CPU = Release|Any CPU
	EndGlobalSection
	GlobalSection(ProjectConfigurationPlatforms) = postSolution
		{B0151360-AE9A-4F2D-A67F-71E413105946}.Debug|Any CPU.ActiveCfg = Debug|Any CPU
		{B0151360-AE9A-4F2D-A67F-71E413105946}.Debug|Any CPU.Build.0 = Debug|Any CPU
		{B0151360-AE9A-4F2D-A67F-71E413105946}.Release|Any CPU.ActiveCfg = Release|Any CPU
		{B0151360-AE9A-4F2D-A67F-71E413105946}.Release|Any CPU.Build.0 = Release|Any CPU
		{EDB66C55-E161-4D03-B3CF-61313D294AC8}.Debug|Any CPU.ActiveCfg = Debug|Any CPU
		{EDB66C55-E161-4D03-B3CF-61313D294AC8}.Debug|Any CPU.Build.0 = Debug|Any CPU
		{EDB66C55-E161-4D03-B3CF-61313D294AC8}.Release|Any CPU.ActiveCfg = Release|Any CPU
		{EDB66C55-E161-4D03-B3CF-61313D294AC8}.Release|Any CPU.Build.0 = Release|Any CPU
	EndGlobalSection
	GlobalSection(SolutionProperties) = preSolution
		HideSolutionNode = FALSE
	EndGlobalSection
	GlobalSection(ExtensibilityGlobals) = postSolution
		SolutionGuid = {B0DD9E2C-F96E-41CD-BBFF-B7167E1A05AA}
	EndGlobalSection
EndGlobal
